
Microsoft Visual Studio Solution File, Format Version 12.00
# Visual Studio Version 17
VisualStudioVersion = 17.4.33122.133
MinimumVisualStudioVersion = 10.0.40219.1
Project("{9A19103F-16F7-4668-BE54-9A1E7A4F7556}") = "Painter", "Painter\Painter.csproj", "{C5F854E5-D894-4548-BED5-7A7070EB31BD}"
EndProject
Project("{FAE04EC0-301F-11D3-BF4B-00C04F79EFBC}") = "Calculator", "Calculator\Calculator.csproj", "{66A67FE4-FD09-45AA-8FB7-7ECCC00ED189}"
EndProject
Global
	GlobalSection(SolutionConfigurationPlatforms) = preSolution
		Debug|Any CPU = Debug|Any CPU
		Release|Any CPU = Release|Any CPU
	EndGlobalSection
	GlobalSection(ProjectConfigurationPlatforms) = postSolution
		{C5F854E5-D894-4548-BED5-7A7070EB31BD}.Debug|Any CPU.ActiveCfg = Debug|Any CPU
		{C5F854E5-D894-4548-BED5-7A7070EB31BD}.Debug|Any CPU.Build.0 = Debug|Any CPU
		{C5F854E5-D894-4548-BED5-7A7070EB31BD}.Release|Any CPU.ActiveCfg = Release|Any CPU
		{C5F854E5-D894-4548-BED5-7A7070EB31BD}.Release|Any CPU.Build.0 = Release|Any CPU
		{66A67FE4-FD09-45AA-8FB7-7ECCC00ED189}.Debug|Any CPU.ActiveCfg = Debug|Any CPU
		{66A67FE4-FD09-45AA-8FB7-7ECCC00ED189}.Debug|Any CPU.Build.0 = Debug|Any CPU
		{66A67FE4-FD09-45AA-8FB7-7ECCC00ED189}.Release|Any CPU.ActiveCfg = Release|Any CPU
		{66A67FE4-FD09-45AA-8FB7-7ECCC00ED189}.Release|Any CPU.Build.0 = Release|Any CPU
	EndGlobalSection
	GlobalSection(SolutionProperties) = preSolution
		HideSolutionNode = FALSE
	EndGlobalSection
	GlobalSection(ExtensibilityGlobals) = postSolution
		SolutionGuid = {46AC237A-E9AA-4F84-9071-A40C289C5154}
	EndGlobalSection
EndGlobal
