
Microsoft Visual Studio Solution File, Format Version 12.00
# Visual Studio Version 17
VisualStudioVersion = 17.4.33205.214
MinimumVisualStudioVersion = 10.0.40219.1
Project("{FAE04EC0-301F-11D3-BF4B-00C04F79EFBC}") = "Homework 6", "Homework 6\Homework 6.csproj", "{D80CB659-EA4A-48D8-BE37-9932BB6E9213}"
EndProject
Global
	GlobalSection(SolutionConfigurationPlatforms) = preSolution
		Debug|Any CPU = Debug|Any CPU
		Release|Any CPU = Release|Any CPU
	EndGlobalSection
	GlobalSection(ProjectConfigurationPlatforms) = postSolution
		{D80CB659-EA4A-48D8-BE37-9932BB6E9213}.Debug|Any CPU.ActiveCfg = Debug|Any CPU
		{D80CB659-EA4A-48D8-BE37-9932BB6E9213}.Debug|Any CPU.Build.0 = Debug|Any CPU
		{D80CB659-EA4A-48D8-BE37-9932BB6E9213}.Release|Any CPU.ActiveCfg = Release|Any CPU
		{D80CB659-EA4A-48D8-BE37-9932BB6E9213}.Release|Any CPU.Build.0 = Release|Any CPU
	EndGlobalSection
	GlobalSection(SolutionProperties) = preSolution
		HideSolutionNode = FALSE
	EndGlobalSection
	GlobalSection(ExtensibilityGlobals) = postSolution
		SolutionGuid = {63390C7D-2AB5-438B-9706-EA4DE40F618E}
	EndGlobalSection
EndGlobal
