
Microsoft Visual Studio Solution File, Format Version 12.00
# Visual Studio Version 17
VisualStudioVersion = 17.3.32901.215
MinimumVisualStudioVersion = 10.0.40219.1
Project("{FAE04EC0-301F-11D3-BF4B-00C04F79EFBC}") = "Problem1", "Problem1\Problem1.csproj", "{EF2EF45F-ECB2-40D4-B4EB-1592F93C90E3}"
EndProject
Global
	GlobalSection(SolutionConfigurationPlatforms) = preSolution
		Debug|Any CPU = Debug|Any CPU
		Release|Any CPU = Release|Any CPU
	EndGlobalSection
	GlobalSection(ProjectConfigurationPlatforms) = postSolution
		{EF2EF45F-ECB2-40D4-B4EB-1592F93C90E3}.Debug|Any CPU.ActiveCfg = Debug|Any CPU
		{EF2EF45F-ECB2-40D4-B4EB-1592F93C90E3}.Debug|Any CPU.Build.0 = Debug|Any CPU
		{EF2EF45F-ECB2-40D4-B4EB-1592F93C90E3}.Release|Any CPU.ActiveCfg = Release|Any CPU
		{EF2EF45F-ECB2-40D4-B4EB-1592F93C90E3}.Release|Any CPU.Build.0 = Release|Any CPU
	EndGlobalSection
	GlobalSection(SolutionProperties) = preSolution
		HideSolutionNode = FALSE
	EndGlobalSection
	GlobalSection(ExtensibilityGlobals) = postSolution
		SolutionGuid = {7AF88B70-DCA6-43EA-8D71-1DA173B1247A}
	EndGlobalSection
EndGlobal
