
Microsoft Visual Studio Solution File, Format Version 12.00
# Visual Studio Version 17
VisualStudioVersion = 17.3.32901.215
MinimumVisualStudioVersion = 10.0.40219.1
Project("{9A19103F-16F7-4668-BE54-9A1E7A4F7556}") = "Problem1", "Problem1\Problem1.csproj", "{C76AD6D8-E1DD-4D99-8795-757B5C6FBDE6}"
EndProject
Project("{FAE04EC0-301F-11D3-BF4B-00C04F79EFBC}") = "Zada4ki", "Zada4ki\Zada4ki.csproj", "{5F50D14B-9BB2-4061-A609-C5C6CF7E84C2}"
EndProject
Global
	GlobalSection(SolutionConfigurationPlatforms) = preSolution
		Debug|Any CPU = Debug|Any CPU
		Release|Any CPU = Release|Any CPU
	EndGlobalSection
	GlobalSection(ProjectConfigurationPlatforms) = postSolution
		{C76AD6D8-E1DD-4D99-8795-757B5C6FBDE6}.Debug|Any CPU.ActiveCfg = Debug|Any CPU
		{C76AD6D8-E1DD-4D99-8795-757B5C6FBDE6}.Debug|Any CPU.Build.0 = Debug|Any CPU
		{C76AD6D8-E1DD-4D99-8795-757B5C6FBDE6}.Release|Any CPU.ActiveCfg = Release|Any CPU
		{C76AD6D8-E1DD-4D99-8795-757B5C6FBDE6}.Release|Any CPU.Build.0 = Release|Any CPU
		{5F50D14B-9BB2-4061-A609-C5C6CF7E84C2}.Debug|Any CPU.ActiveCfg = Debug|Any CPU
		{5F50D14B-9BB2-4061-A609-C5C6CF7E84C2}.Debug|Any CPU.Build.0 = Debug|Any CPU
		{5F50D14B-9BB2-4061-A609-C5C6CF7E84C2}.Release|Any CPU.ActiveCfg = Release|Any CPU
		{5F50D14B-9BB2-4061-A609-C5C6CF7E84C2}.Release|Any CPU.Build.0 = Release|Any CPU
	EndGlobalSection
	GlobalSection(SolutionProperties) = preSolution
		HideSolutionNode = FALSE
	EndGlobalSection
	GlobalSection(ExtensibilityGlobals) = postSolution
		SolutionGuid = {6A5DC9BF-A3C4-47BB-B5F8-9674AF8927A5}
	EndGlobalSection
EndGlobal
