
Microsoft Visual Studio Solution File, Format Version 12.00
# Visual Studio Version 17
VisualStudioVersion = 17.3.32901.215
MinimumVisualStudioVersion = 10.0.40219.1
Project("{FAE04EC0-301F-11D3-BF4B-00C04F79EFBC}") = "Problem1", "Problem1\Problem1.csproj", "{3CD3541F-0DD6-4EDD-9A8F-169CE8380C9B}"
EndProject
Project("{FAE04EC0-301F-11D3-BF4B-00C04F79EFBC}") = "Problem1Test", "Problem1Test\Problem1Test.csproj", "{968713EE-AA63-451F-A8D5-2E6BE4B66D92}"
EndProject
Global
	GlobalSection(SolutionConfigurationPlatforms) = preSolution
		Debug|Any CPU = Debug|Any CPU
		Release|Any CPU = Release|Any CPU
	EndGlobalSection
	GlobalSection(ProjectConfigurationPlatforms) = postSolution
		{3CD3541F-0DD6-4EDD-9A8F-169CE8380C9B}.Debug|Any CPU.ActiveCfg = Debug|Any CPU
		{3CD3541F-0DD6-4EDD-9A8F-169CE8380C9B}.Debug|Any CPU.Build.0 = Debug|Any CPU
		{3CD3541F-0DD6-4EDD-9A8F-169CE8380C9B}.Release|Any CPU.ActiveCfg = Release|Any CPU
		{3CD3541F-0DD6-4EDD-9A8F-169CE8380C9B}.Release|Any CPU.Build.0 = Release|Any CPU
		{968713EE-AA63-451F-A8D5-2E6BE4B66D92}.Debug|Any CPU.ActiveCfg = Debug|Any CPU
		{968713EE-AA63-451F-A8D5-2E6BE4B66D92}.Debug|Any CPU.Build.0 = Debug|Any CPU
		{968713EE-AA63-451F-A8D5-2E6BE4B66D92}.Release|Any CPU.ActiveCfg = Release|Any CPU
		{968713EE-AA63-451F-A8D5-2E6BE4B66D92}.Release|Any CPU.Build.0 = Release|Any CPU
	EndGlobalSection
	GlobalSection(SolutionProperties) = preSolution
		HideSolutionNode = FALSE
	EndGlobalSection
	GlobalSection(ExtensibilityGlobals) = postSolution
		SolutionGuid = {57622E73-6781-4189-BDDD-0336768779F8}
	EndGlobalSection
EndGlobal
