
Microsoft Visual Studio Solution File, Format Version 12.00
# Visual Studio Version 17
VisualStudioVersion = 17.3.32901.215
MinimumVisualStudioVersion = 10.0.40219.1
Project("{FAE04EC0-301F-11D3-BF4B-00C04F79EFBC}") = "Problem1", "Problem1\Problem1.csproj", "{9C24A2FF-F5AA-4F5F-830C-8C1E8E538F69}"
EndProject
Project("{FAE04EC0-301F-11D3-BF4B-00C04F79EFBC}") = "Problem2", "Problem2\Problem2.csproj", "{4909728F-9F31-4A83-9487-4A601AD38B61}"
EndProject
Global
	GlobalSection(SolutionConfigurationPlatforms) = preSolution
		Debug|Any CPU = Debug|Any CPU
		Release|Any CPU = Release|Any CPU
	EndGlobalSection
	GlobalSection(ProjectConfigurationPlatforms) = postSolution
		{9C24A2FF-F5AA-4F5F-830C-8C1E8E538F69}.Debug|Any CPU.ActiveCfg = Debug|Any CPU
		{9C24A2FF-F5AA-4F5F-830C-8C1E8E538F69}.Debug|Any CPU.Build.0 = Debug|Any CPU
		{9C24A2FF-F5AA-4F5F-830C-8C1E8E538F69}.Release|Any CPU.ActiveCfg = Release|Any CPU
		{9C24A2FF-F5AA-4F5F-830C-8C1E8E538F69}.Release|Any CPU.Build.0 = Release|Any CPU
		{4909728F-9F31-4A83-9487-4A601AD38B61}.Debug|Any CPU.ActiveCfg = Debug|Any CPU
		{4909728F-9F31-4A83-9487-4A601AD38B61}.Debug|Any CPU.Build.0 = Debug|Any CPU
		{4909728F-9F31-4A83-9487-4A601AD38B61}.Release|Any CPU.ActiveCfg = Release|Any CPU
		{4909728F-9F31-4A83-9487-4A601AD38B61}.Release|Any CPU.Build.0 = Release|Any CPU
	EndGlobalSection
	GlobalSection(SolutionProperties) = preSolution
		HideSolutionNode = FALSE
	EndGlobalSection
	GlobalSection(ExtensibilityGlobals) = postSolution
		SolutionGuid = {9A9728D8-67FF-4E59-833E-72E156BABD6E}
	EndGlobalSection
EndGlobal
